
Microsoft Visual Studio Solution File, Format Version 12.00
# Visual Studio Version 16
VisualStudioVersion = 16.0.30128.74
MinimumVisualStudioVersion = 10.0.40219.1
Project("{FAE04EC0-301F-11D3-BF4B-00C04F79EFBC}") = "MyApartement", "MyApartement\MyApartement.csproj", "{45606715-6823-4F7D-AFF6-E35DF78E5DBF}"
EndProject
Global
	GlobalSection(SolutionConfigurationPlatforms) = preSolution
		Debug|Any CPU = Debug|Any CPU
		Release|Any CPU = Release|Any CPU
	EndGlobalSection
	GlobalSection(ProjectConfigurationPlatforms) = postSolution
		{45606715-6823-4F7D-AFF6-E35DF78E5DBF}.Debug|Any CPU.ActiveCfg = Debug|Any CPU
		{45606715-6823-4F7D-AFF6-E35DF78E5DBF}.Debug|Any CPU.Build.0 = Debug|Any CPU
		{45606715-6823-4F7D-AFF6-E35DF78E5DBF}.Release|Any CPU.ActiveCfg = Release|Any CPU
		{45606715-6823-4F7D-AFF6-E35DF78E5DBF}.Release|Any CPU.Build.0 = Release|Any CPU
	EndGlobalSection
	GlobalSection(SolutionProperties) = preSolution
		HideSolutionNode = FALSE
	EndGlobalSection
	GlobalSection(ExtensibilityGlobals) = postSolution
		SolutionGuid = {AAE86AE0-EDED-4244-B947-DCC86DD709B2}
	EndGlobalSection
EndGlobal
